version = 1
revision = 1
requires-python = ">=3.12"

[[package]]
name = "colorama"
version = "0.4.6"
source = { registry = "https://pypi.org/simple" }
sdist = { url = "https://files.pythonhosted.org/packages/d8/53/6f443c9a4a8358a93a6792e2acffb9d9d5cb0a5cfd8802644b7b1c9a02e4/colorama-0.4.6.tar.gz", hash = "sha256:08695f5cb7ed6e0531a20572697297273c47b8cae5a63ffc6d6ed5c201be6e44", size = 27697 }
wheels = [
    { url = "https://files.pythonhosted.org/packages/d1/d6/3965ed04c63042e047cb6a3e6ed1a63a35087b6a609aa3a15ed8ac56c221/colorama-0.4.6-py2.py3-none-any.whl", hash = "sha256:4f1d9991f5acc0ca119f9d443620b77f9d6b33703e51011c16baf57afb285fc6", size = 25335 },
]

[[package]]
name = "iniconfig"
version = "2.3.0"
source = { registry = "https://pypi.org/simple" }
sdist = { url = "https://files.pythonhosted.org/packages/72/34/14ca021ce8e5dfedc35312d08ba8bf51fdd999c576889fc2c24cb97f4f10/iniconfig-2.3.0.tar.gz", hash = "sha256:c76315c77db068650d49c5b56314774a7804df16fee4402c1f19d6d15d8c4730", size = 20503 }
wheels = [
    { url = "https://files.pythonhosted.org/packages/cb/b1/3846dd7f199d53cb17f49cba7e651e9ce294d8497c8c150530ed11865bb8/iniconfig-2.3.0-py3-none-any.whl", hash = "sha256:f631c04d2c48c52b84d0d0549c99ff3859c98df65b3101406327ecc7d53fbf12", size = 7484 },
]

[[package]]
name = "mss"
version = "10.2.0"
source = { registry = "https://pypi.org/simple" }
sdist = { url = "https://files.pythonhosted.org/packages/e5/5d/eee782a6d674f562c946ae6a026f4c595ea2b7b031f290bf9fbf60da09b5/mss-10.2.0.tar.gz", hash = "sha256:ab271860775545e62f29d7b11f82f279ac1048f5bbdd26cfad84830208dbd393", size = 200317 }
wheels = [
    { url = "https://files.pythonhosted.org/packages/f2/c3/313e14f245c79b4c05bd0f3a84a4813aa26fa10f8993aebd91d04c5fad3f/mss-10.2.0-py3-none-any.whl", hash = "sha256:e79f428899280e7e64e38365b5bfed683851ebea807eeaeadaf06eb8e0d67197", size = 67106 },
]

[[package]]
name = "muf-studio"
version = "0.1.0"
source = { virtual = "." }
dependencies = [
    { name = "mss" },
    { name = "opencv-python" },
    { name = "pyqt6" },
    { name = "pytest" },
    { name = "pytest-qt" },
]

[package.metadata]
requires-dist = [
    { name = "mss", specifier = ">=10.2.0" },
    { name = "opencv-python", specifier = ">=4.13.0.92" },
    { name = "pyqt6", specifier = ">=6.11.0" },
    { name = "pytest", specifier = ">=9.1.1" },
    { name = "pytest-qt", specifier = ">=4.5.0" },
]

[[package]]
name = "numpy"
version = "2.5.0"
source = { registry = "https://pypi.org/simple" }
sdist = { url = "https://files.pythonhosted.org/packages/e7/05/3d27272d30698dc0ecb7fdfaa41ad70303b444f81722bb99bce1d818638a/numpy-2.5.0.tar.gz", hash = "sha256:5a129578019311b6e56bdd714250f19b518f7dceeeb8d1af5490f4942d3f891c", size = 20652461 }
wheels = [
    { url = "https://files.pythonhosted.org/packages/fa/0a/11486d02add7b1384dff7374d124b1cfbb0ee864dcc9f6a2c0380638cf84/numpy-2.5.0-cp312-cp312-macosx_10_13_x86_64.whl", hash = "sha256:489780423903667933b4ed6197b6ec3b75ea5dd17d1d8f0f38d798feb6921561", size = 16789987 },
    { url = "https://files.pythonhosted.org/packages/55/b2/285f48640a181947b4587a3766d21ec1eaa7fea833d4b49957e09da467a2/numpy-2.5.0-cp312-cp312-macosx_11_0_arm64.whl", hash = "sha256:ece55976ced6bca95a03ae2839e2e5ccffe8eb6a3e7022415645eb154a81e4e6", size = 11760322 },
    { url = "https://files.pythonhosted.org/packages/dd/67/b032db1eb03ca30d16eda3b0c22aaa615338b9263c2fd559d0f29451aca4/numpy-2.5.0-cp312-cp312-macosx_14_0_arm64.whl", hash = "sha256:c83b664b0e6eee9594fa920cf0639d8af796606d3fad6cc70180c87e4b97c7be", size = 5319605 },
    { url = "https://files.pythonhosted.org/packages/b9/83/03fc7300c7c6b6c84c487b1dc80d322817b95fbd1f4dd57a85e23b7198de/numpy-2.5.0-cp312-cp312-macosx_14_0_x86_64.whl", hash = "sha256:bf80333980bf37f523341ddd72c783f39d6829ec7736b9eb99086388a2d52cc2", size = 6653628 },
    { url = "https://files.pythonhosted.org/packages/82/49/2ec21730bc63ccfda829323f7040a8ed4715b3852ce658689cf74ee96a8c/numpy-2.5.0-cp312-cp312-manylinux_2_27_aarch64.manylinux_2_28_aarch64.whl", hash = "sha256:a1a4874217b36d5ac8fc876f52e39df56f8182c88463e9e2dceabf7ca8b7efb8", size = 15153691 },
    { url = "https://files.pythonhosted.org/packages/bb/6b/f4a3d0637692c49da8ef99d72d52526f92e0a8d6ac4f0ca9f31441b9d9ea/numpy-2.5.0-cp312-cp312-manylinux_2_27_x86_64.manylinux_2_28_x86_64.whl", hash = "sha256:aaa760137137e8d3c920d27927748215b56014f92667dc9b6c27dfc61249255a", size = 16660066 },
    { url = "https://files.pythonhosted.org/packages/3a/2f/c354ec86d1f3f5c19649463b0d39652e160736e5b0a4cd18dff0576715c4/numpy-2.5.0-cp312-cp312-musllinux_1_2_aarch64.whl", hash = "sha256:7174ce8265fc7f7417d171c9ea8fe905220748893ea67a2a7abe726ec331c4b0", size = 16514638 },
    { url = "https://files.pythonhosted.org/packages/06/34/43efdcb319988648580f93c11f1ae82cf7e2faa74925e98e454ae3aa95f8/numpy-2.5.0-cp312-cp312-musllinux_1_2_x86_64.whl", hash = "sha256:b8c3daaf99de52415d20b42f8e8155c78642cb04207d02f9d317a0dcf1b3fb54", size = 18419647 },
    { url = "https://files.pythonhosted.org/packages/71/e2/f5d1676b1d7fb682eb5e9a1641e7ebd2414b3216c370661d1029778908b4/numpy-2.5.0-cp312-cp312-win32.whl", hash = "sha256:6206db0af545d73d068add6d992279145f158428d1da6cc49adc4b630c5d6ee5", size = 6056688 },
    { url = "https://files.pythonhosted.org/packages/8f/7c/48f115d1c58a34032facebcd51fdf2d02df2c51d4a46a81dd1197bb2ea6b/numpy-2.5.0-cp312-cp312-win_amd64.whl", hash = "sha256:6f2d6873e2940c860a309d21e25b1e69af6aaffdd80aa056b04c16380db1c4f2", size = 12419237 },
    { url = "https://files.pythonhosted.org/packages/86/26/2e0882f4044d1b1a1b63e875151fb2393389032022a8b7f5657a7996d3b2/numpy-2.5.0-cp312-cp312-win_arm64.whl", hash = "sha256:a55e1eb2bca2cfd17a16b213c99dfc8502d47b0d494224d2122277d0400935ca", size = 10339912 },
    { url = "https://files.pythonhosted.org/packages/8a/33/07675aaad7f26ea013d5e884d9a0d784b79c6bd7566c333f5a52fa3c610b/numpy-2.5.0-cp313-cp313-macosx_10_13_x86_64.whl", hash = "sha256:520e6b8be0a4b65840ac8090d4f51cef4bed66e2b0894d5a520f099adc24a9b2", size = 16784890 },
    { url = "https://files.pythonhosted.org/packages/85/4b/953118a730ee3b35e28645e0eb4cf9beec5bdbb954e1ac2f5fcefba6bbc3/numpy-2.5.0-cp313-cp313-macosx_11_0_arm64.whl", hash = "sha256:146b81cdd3967fdb6beca8ba25f00c58741d8f3cbd797f55af0fbe0bfec3469c", size = 11754584 },
    { url = "https://files.pythonhosted.org/packages/44/9b/56dd530c367c74ae17411027cea4135ca57e1e0583bf5594cee18bd83217/numpy-2.5.0-cp313-cp313-macosx_14_0_arm64.whl", hash = "sha256:126b88d95e8ff9b00c9e717aa540469f21d6180162f84c0caec51b16215d49cd", size = 5313904 },
    { url = "https://files.pythonhosted.org/packages/ce/b0/bcd672edad27ecca7da1f7bb0ce72cd1706a4f2d79ae94990afc97c13e1c/numpy-2.5.0-cp313-cp313-macosx_14_0_x86_64.whl", hash = "sha256:d4313cef1594c5ce46c31b6e54e918338f63f16ee9322304e8c9114d6d81c8bd", size = 6648504 },
    { url = "https://files.pythonhosted.org/packages/80/9e/15cdfcbd30a1544a46c9e487a00df331c4672450216538705a9e51fa6710/numpy-2.5.0-cp313-cp313-manylinux_2_27_aarch64.manylinux_2_28_aarch64.whl", hash = "sha256:750fb097caf26fa878746d9d119f6f9da12dedcbff1eea966c3e3447647c4a9e", size = 15150086 },
    { url = "https://files.pythonhosted.org/packages/32/4e/8d7656ccaab3e81e97258b8a9bc5f0c8502513a92fb4ceb0a2cbfebc17bf/numpy-2.5.0-cp313-cp313-manylinux_2_27_x86_64.manylinux_2_28_x86_64.whl", hash = "sha256:3893adc2dc7c0412ba76777db55a049215d99c9aa3113003be8f49f4f1290ab9", size = 16647250 },
    { url = "https://files.pythonhosted.org/packages/3c/81/97060281b602ed07f21b12f4ec409eac1f75a2f91fbc829ed8b2becf3ad4/numpy-2.5.0-cp313-cp313-musllinux_1_2_aarch64.whl", hash = "sha256:835e454dd99b238cdc5a3f63bce2371296f5ebc53ca1e0f8e6ddbb6d92a29aab", size = 16512864 },
    { url = "https://files.pythonhosted.org/packages/33/ab/4496208146911f8d8ddb54f68a972aafa6c8d44babcb2ea03b0e5cc87c9d/numpy-2.5.0-cp313-cp313-musllinux_1_2_x86_64.whl", hash = "sha256:6f9836778081a0a3c02a6a21493f3e9f5b311f8d2541934f31f05583dc999ea4", size = 18408407 },
    { url = "https://files.pythonhosted.org/packages/d4/9f/a4df67c181e4ee8b467aa3332dc2db10fd5c515136831302f3ca48bc0a01/numpy-2.5.0-cp313-cp313-win32.whl", hash = "sha256:0b525be4744b60bb0557ac872d53ef07d085b5f39622bc579c98d3809d05b988", size = 6054431 },
    { url = "https://files.pythonhosted.org/packages/30/53/491e1c47c55b62ccc6a63c1c5b8635c73fc2258dddeb9bda27cae4a0ae96/numpy-2.5.0-cp313-cp313-win_amd64.whl", hash = "sha256:44353e2878930039db472b99dc353d749826e4010bd4d2a7f835e94a97a5c748", size = 12414420 },
    { url = "https://files.pythonhosted.org/packages/eb/4a/25c2906f541e9d9f4c5769764db732e6627be91a13f4724fa10634d77db4/numpy-2.5.0-cp313-cp313-win_arm64.whl", hash = "sha256:48f54b00711f83a5f796b70c518e8c2b3c5848dda03a54911f23eb68519b9b60", size = 10339533 },
    { url = "https://files.pythonhosted.org/packages/86/ad/abc44aaceaf7b17ee1edde2bbb4458da591bc79574cffff50c4bb35f00d1/numpy-2.5.0-cp314-cp314-macosx_10_15_x86_64.whl", hash = "sha256:f27582c55ba4c750b7c58c8faf021d2cd9324a662b466229db8a417b41368af9", size = 16783807 },
    { url = "https://files.pythonhosted.org/packages/5d/39/b72e168daf9c00fb20c9fc996d00437ccecdef3102387775d29d7a62576d/numpy-2.5.0-cp314-cp314-macosx_11_0_arm64.whl", hash = "sha256:28e7137057d551e4a83c4ae414e3451f50568409db7569aacc7f9811ee06a446", size = 11765215 },
    { url = "https://files.pythonhosted.org/packages/f7/a0/8400a9c0e3625182347593f5e1f57da9a617a534794805c8df5518154ddc/numpy-2.5.0-cp314-cp314-macosx_14_0_arm64.whl", hash = "sha256:e1da54b53e75cd9fcfc23efcc7edab2c6aecf97b6037566d8a0fe804af8ec57c", size = 5324493 },
    { url = "https://files.pythonhosted.org/packages/f6/8c/0d104deaa0401c93395a629ec902891618a2eff76d19229139cb5a887bfc/numpy-2.5.0-cp314-cp314-macosx_14_0_x86_64.whl", hash = "sha256:694d8f74e156f7fd01179f1aa8faa2f648ab6ae0f70b6c3fe57a03249aea2303", size = 6645211 },
    { url = "https://files.pythonhosted.org/packages/6a/d9/4a4a628c812750363786afc3d33492709a5cd64b215469c16b0f6c7bb811/numpy-2.5.0-cp314-cp314-manylinux_2_27_aarch64.manylinux_2_28_aarch64.whl", hash = "sha256:1a7569a7b53c77716f036bb28cb1c91f166a26ec7d9502cd1e4bdfe502fdec22", size = 15166004 },
    { url = "https://files.pythonhosted.org/packages/a0/5e/2a902317d7fc4aa93236e80c932662dadfc459b323d758329e01775125e1/numpy-2.5.0-cp314-cp314-manylinux_2_27_x86_64.manylinux_2_28_x86_64.whl", hash = "sha256:39a0433bd4086ebd462960cf375e19195bb07b53dc1d87dd5fcf47ad78576f03", size = 16650797 },
    { url = "https://files.pythonhosted.org/packages/e9/a0/a0090e6329f4ca5992c07847bb579c5259a19953dc57255bb08793142ffb/numpy-2.5.0-cp314-cp314-musllinux_1_2_aarch64.whl", hash = "sha256:929f0c79ac38bcbd7154fe631dc907abfeddbcc5027a896bd1f7767323271e7a", size = 16524647 },
    { url = "https://files.pythonhosted.org/packages/5e/7d/6caf27734c42b65837e7461ed0dbbd6b6fc835060c9714ec59d673bb383a/numpy-2.5.0-cp314-cp314-musllinux_1_2_x86_64.whl", hash = "sha256:cc4f247a47bbf070bfd70be53ccdcf47b800af563535e7bbe172322197c30e21", size = 18411841 },
    { url = "https://files.pythonhosted.org/packages/13/dc/26edadbd812536769a82c2e9e002234e33feb5da43061d47a044f6d309b7/numpy-2.5.0-cp314-cp314-win32.whl", hash = "sha256:5dc71423499fab3f46f7a7201155ade1669ea101f2f429d332df9e72f8161731", size = 6106361 },
    { url = "https://files.pythonhosted.org/packages/f2/9e/4dd1459282229a72d92dece2ae9138e5cac94a72263a7ceb48f37434c925/numpy-2.5.0-cp314-cp314-win_amd64.whl", hash = "sha256:ebb81d9d5443e0309d6c54894c3fbed74ad7da0714352a67b6d773cd189eae73", size = 12551749 },
    { url = "https://files.pythonhosted.org/packages/05/a7/6bc6384c080b86c7f6c85c5bc5b540b24f4f679cd144791d99574e90d462/numpy-2.5.0-cp314-cp314-win_arm64.whl", hash = "sha256:3b94d0d0deceebfad3e67ae5c0e5eb87371e8f7a0581cd04a779928c2450cf1e", size = 10617072 },
    { url = "https://files.pythonhosted.org/packages/86/6b/4a2b71d66ada5608ae02b63f150dfad520f6940721cb7f029ad270befc0e/numpy-2.5.0-cp314-cp314t-macosx_11_0_arm64.whl", hash = "sha256:22f3d43e362d650bc39db1f17851302874a148ca95ba6981c1dfb5fa6862f35b", size = 11881067 },
    { url = "https://files.pythonhosted.org/packages/dc/b2/d365eb40a20efb49d67e9feb90494ed8511282ee1f5fa16006675c65397d/numpy-2.5.0-cp314-cp314t-macosx_14_0_arm64.whl", hash = "sha256:243563efb4cd7528a264567e9fd206c87826457322521d06206a00bfa316c927", size = 5440290 },
    { url = "https://files.pythonhosted.org/packages/fa/5e/e9c03188de5f9b767e46a8fe988bcfd3efad066a4a3fda8b9cb11a93f895/numpy-2.5.0-cp314-cp314t-macosx_14_0_x86_64.whl", hash = "sha256:84881d825ca75249b189bbee875fcfe3238aa5c479e6100893cda566e8e86826", size = 6748371 },
    { url = "https://files.pythonhosted.org/packages/fd/1d/68c186a38a5027bae2c4ddd5ea681fdaf8b4d30fb7301def6d8ad270390f/numpy-2.5.0-cp314-cp314t-manylinux_2_27_aarch64.manylinux_2_28_aarch64.whl", hash = "sha256:cda12aa4779d42b8771180aba759c96f527d43446d8f380ab59e2b35e8489efd", size = 15214643 },
    { url = "https://files.pythonhosted.org/packages/8c/67/73f67b7c7e20635baae9c4c3ead4ae7326a005900297a6110971abd62eb5/numpy-2.5.0-cp314-cp314t-manylinux_2_27_x86_64.manylinux_2_28_x86_64.whl", hash = "sha256:1c0121101093d2bd74981b10f8837d78e794a8ff57834eb27179f49e1ba11ac6", size = 16690128 },
    { url = "https://files.pythonhosted.org/packages/eb/05/d4c1fb0c46d02a27d6b2b8b319a78c90937acec8631c1641874670b31e6f/numpy-2.5.0-cp314-cp314t-musllinux_1_2_aarch64.whl", hash = "sha256:d371c92cfa09da00022f501ab67fafaea813d752eb30ac44336d45b1e5b0268a", size = 16577902 },
    { url = "https://files.pythonhosted.org/packages/9e/1d/771c797d50fa26e4888989cccf1d50ee51f530d4e455ad2692dcb64fa711/numpy-2.5.0-cp314-cp314t-musllinux_1_2_x86_64.whl", hash = "sha256:9990713e9c38154c6861e7547f1e3fc7a87e75ff09bab24ef1cc81d81c2835e9", size = 18452814 },
    { url = "https://files.pythonhosted.org/packages/e8/46/52fc0d2a68d7643f0f149eeea5a5d8ea2a3507056ac8afa83c9212606e8b/numpy-2.5.0-cp314-cp314t-win32.whl", hash = "sha256:edadfbd4794b1086c0d822f81863e8a68fc129d132fd0bb9e31e955d7fbbbdb7", size = 6253168 },
    { url = "https://files.pythonhosted.org/packages/2a/be/6c8d1118b5f13b2881dc095d5b345de19c6638b8959c17409b6eff84c8aa/numpy-2.5.0-cp314-cp314t-win_amd64.whl", hash = "sha256:f7e5fa4382967ae6548bd2f174219afb908e294b0d5f625af01166edd5f7d9aa", size = 12736286 },
    { url = "https://files.pythonhosted.org/packages/fd/6a/d3a169aaf8536cf228d56a09e04bcb713a2fe4410d4e2105b9419b5a9c89/numpy-2.5.0-cp314-cp314t-win_arm64.whl", hash = "sha256:016623417bb330d719d579daf2d6b9a01ddc52e41a9ed61a47f39fde46dcd865", size = 10686451 },
]

[[package]]
name = "opencv-python"
version = "4.13.0.92"
source = { registry = "https://pypi.org/simple" }
dependencies = [
    { name = "numpy" },
]
wheels = [
    { url = "https://files.pythonhosted.org/packages/fc/6f/5a28fef4c4a382be06afe3938c64cc168223016fa520c5abaf37e8862aa5/opencv_python-4.13.0.92-cp37-abi3-macosx_13_0_arm64.whl", hash = "sha256:caf60c071ec391ba51ed00a4a920f996d0b64e3e46068aac1f646b5de0326a19", size = 46247052 },
    { url = "https://files.pythonhosted.org/packages/08/ac/6c98c44c650b8114a0fb901691351cfb3956d502e8e9b5cd27f4ee7fbf2f/opencv_python-4.13.0.92-cp37-abi3-macosx_14_0_x86_64.whl", hash = "sha256:5868a8c028a0b37561579bfb8ac1875babdc69546d236249fff296a8c010ccf9", size = 32568781 },
    { url = "https://files.pythonhosted.org/packages/3e/51/82fed528b45173bf629fa44effb76dff8bc9f4eeaee759038362dfa60237/opencv_python-4.13.0.92-cp37-abi3-manylinux2014_aarch64.manylinux_2_17_aarch64.whl", hash = "sha256:0bc2596e68f972ca452d80f444bc404e08807d021fbba40df26b61b18e01838a", size = 47685527 },
    { url = "https://files.pythonhosted.org/packages/db/07/90b34a8e2cf9c50fe8ed25cac9011cde0676b4d9d9c973751ac7616223a2/opencv_python-4.13.0.92-cp37-abi3-manylinux2014_x86_64.manylinux_2_17_x86_64.whl", hash = "sha256:402033cddf9d294693094de5ef532339f14ce821da3ad7df7c9f6e8316da32cf", size = 70460872 },
    { url = "https://files.pythonhosted.org/packages/02/6d/7a9cc719b3eaf4377b9c2e3edeb7ed3a81de41f96421510c0a169ca3cfd4/opencv_python-4.13.0.92-cp37-abi3-manylinux_2_28_aarch64.whl", hash = "sha256:bccaabf9eb7f897ca61880ce2869dcd9b25b72129c28478e7f2a5e8dee945616", size = 46708208 },
    { url = "https://files.pythonhosted.org/packages/fd/55/b3b49a1b97aabcfbbd6c7326df9cb0b6fa0c0aefa8e89d500939e04aa229/opencv_python-4.13.0.92-cp37-abi3-manylinux_2_28_x86_64.whl", hash = "sha256:620d602b8f7d8b8dab5f4b99c6eb353e78d3fb8b0f53db1bd258bb1aa001c1d5", size = 72927042 },
    { url = "https://files.pythonhosted.org/packages/fb/17/de5458312bcb07ddf434d7bfcb24bb52c59635ad58c6e7c751b48949b009/opencv_python-4.13.0.92-cp37-abi3-win32.whl", hash = "sha256:372fe164a3148ac1ca51e5f3ad0541a4a276452273f503441d718fab9c5e5f59", size = 30932638 },
    { url = "https://files.pythonhosted.org/packages/e9/a5/1be1516390333ff9be3a9cb648c9f33df79d5096e5884b5df71a588af463/opencv_python-4.13.0.92-cp37-abi3-win_amd64.whl", hash = "sha256:423d934c9fafb91aad38edf26efb46da91ffbc05f3f59c4b0c72e699720706f5", size = 40212062 },
]

[[package]]
name = "packaging"
version = "26.2"
source = { registry = "https://pypi.org/simple" }
sdist = { url = "https://files.pythonhosted.org/packages/d7/f1/e7a6dd94a8d4a5626c03e4e99c87f241ba9e350cd9e6d75123f992427270/packaging-26.2.tar.gz", hash = "sha256:ff452ff5a3e828ce110190feff1178bb1f2ea2281fa2075aadb987c2fb221661", size = 228134 }
wheels = [
    { url = "https://files.pythonhosted.org/packages/df/b2/87e62e8c3e2f4b32e5fe99e0b86d576da1312593b39f47d8ceef365e95ed/packaging-26.2-py3-none-any.whl", hash = "sha256:5fc45236b9446107ff2415ce77c807cee2862cb6fac22b8a73826d0693b0980e", size = 100195 },
]

[[package]]
name = "pluggy"
version = "1.6.0"
source = { registry = "https://pypi.org/simple" }
sdist = { url = "https://files.pythonhosted.org/packages/f9/e2/3e91f31a7d2b083fe6ef3fa267035b518369d9511ffab804f839851d2779/pluggy-1.6.0.tar.gz", hash = "sha256:7dcc130b76258d33b90f61b658791dede3486c3e6bfb003ee5c9bfb396dd22f3", size = 69412 }
wheels = [
    { url = "https://files.pythonhosted.org/packages/54/20/4d324d65cc6d9205fabedc306948156824eb9f0ee1633355a8f7ec5c66bf/pluggy-1.6.0-py3-none-any.whl", hash = "sha256:e920276dd6813095e9377c0bc5566d94c932c33b27a3e3945d8389c374dd4746", size = 20538 },
]

[[package]]
name = "pygments"
version = "2.20.0"
source = { registry = "https://pypi.org/simple" }
sdist = { url = "https://files.pythonhosted.org/packages/c3/b2/bc9c9196916376152d655522fdcebac55e66de6603a76a02bca1b6414f6c/pygments-2.20.0.tar.gz", hash = "sha256:6757cd03768053ff99f3039c1a36d6c0aa0b263438fcab17520b30a303a82b5f", size = 4955991 }
wheels = [
    { url = "https://files.pythonhosted.org/packages/f4/7e/a72dd26f3b0f4f2bf1dd8923c85f7ceb43172af56d63c7383eb62b332364/pygments-2.20.0-py3-none-any.whl", hash = "sha256:81a9e26dd42fd28a23a2d169d86d7ac03b46e2f8b59ed4698fb4785f946d0176", size = 1231151 },
]

[[package]]
name = "pyqt6"
version = "6.11.0"
source = { registry = "https://pypi.org/simple" }
dependencies = [
    { name = "pyqt6-qt6" },
    { name = "pyqt6-sip" },
]
sdist = { url = "https://files.pythonhosted.org/packages/8b/47/b25c13eca5bebc6505394d0223e46d7ebf0c57dcac2ed908d7d19b18ab6b/pyqt6-6.11.0.tar.gz", hash = "sha256:45dd60aa69976de1918b5ced6b4e7b6a25abd2a919ecef5fd5826ecc76718889", size = 1087430 }
wheels = [
    { url = "https://files.pythonhosted.org/packages/33/44/fcd3dd3f64c83c96bf9bce76ec16cca64bd9b91702c3d08fd8e3dafc73d9/pyqt6-6.11.0-cp310-abi3-macosx_10_14_universal2.whl", hash = "sha256:f7100bc7f72b12581ec479a733f4ad11b8002668e6786e8a445ab6f4d1c743d4", size = 12429735 },
    { url = "https://files.pythonhosted.org/packages/c3/a0/bd1399740dfa80c0a94d20b02d89962a31458233dcf70eaa09bfbccf3d0f/pyqt6-6.11.0-cp310-abi3-manylinux_2_34_x86_64.whl", hash = "sha256:8555277989fa7d114cb3c3443fd261d566909f7268ceedd41d93a5f02d37ec05", size = 8334632 },
    { url = "https://files.pythonhosted.org/packages/d3/db/425b184ac2430ba1978bb507ffd285ec007a872644e2ae5df13332dbcb05/pyqt6-6.11.0-cp310-abi3-manylinux_2_39_aarch64.whl", hash = "sha256:0734959955adde095af9a074213a7f73386d1bbbddfc27346b4c0621641a692e", size = 8321484 },
    { url = "https://files.pythonhosted.org/packages/6f/85/dd9f03d78d87460e109e0121cd6201c5802bdd655656bf2780e964870fea/pyqt6-6.11.0-cp310-abi3-win_amd64.whl", hash = "sha256:bd11b459c54dca068e988a42cf838303334f0d441b9d16d92ae6719fcb5ac6ba", size = 6844358 },
    { url = "https://files.pythonhosted.org/packages/cd/75/970b041bde4372cc6739c5ef9db1de83a6b36e788e4992e598baa35b2255/pyqt6-6.11.0-cp310-abi3-win_arm64.whl", hash = "sha256:b6324e3501b19b4292c7a55b1f22e82d3e80e519e383ce4fe79b4a754c6f0288", size = 5933984 },
]

[[package]]
name = "pyqt6-qt6"
version = "6.11.1"
source = { registry = "https://pypi.org/simple" }
wheels = [
    { url = "https://files.pythonhosted.org/packages/38/cb/ef930289bcd3b4be77a619d6b89ccdd0f53d753053a45f69ed590fd49777/pyqt6_qt6-6.11.1-py3-none-macosx_10_14_x86_64.whl", hash = "sha256:694486f18b7ab9b1edcdb50e0c9f5cb726e096107da90ae7b0e810f18e2002b3", size = 70402836 },
    { url = "https://files.pythonhosted.org/packages/09/7d/d016af2de1975a0d90c9a911e3d82b2e8c8fe899f8af746ade42186f3845/pyqt6_qt6-6.11.1-py3-none-macosx_11_0_arm64.whl", hash = "sha256:fd05b31a3c83111b6eb82bb472ccfe531ef823f70d085b82fd1edc5ad2553c54", size = 64167714 },
    { url = "https://files.pythonhosted.org/packages/e1/be/21d0df9bde717131f4245f8801676120d466afe198c4641c9e4982cf85fe/pyqt6_qt6-6.11.1-py3-none-manylinux_2_34_x86_64.whl", hash = "sha256:254af349e0ef4b2fa581f86ee9d65eb797bb1d4f0c01ae5ceaa7b2446b458be9", size = 85897589 },
    { url = "https://files.pythonhosted.org/packages/08/69/f6b9cafceed9790c62a7ca3044562d38545bbfcfaf222846482ac2f9bd56/pyqt6_qt6-6.11.1-py3-none-manylinux_2_39_aarch64.whl", hash = "sha256:039b1ab619d63d06a87cacf84b581a2b61a30c9ad5bb677553e738afe4dc433a", size = 84996419 },
    { url = "https://files.pythonhosted.org/packages/fa/f1/70e83c23bf897c7f5025aa100482f482038ef70232dc27b407659d941fbf/pyqt6_qt6-6.11.1-py3-none-win_amd64.whl", hash = "sha256:7486c80512e823f2d3087e67f854f0556b345f4368040a853c8dc4d30fd3fe69", size = 78416766 },
    { url = "https://files.pythonhosted.org/packages/93/b0/9183ec9c206a0c3cba5719f0911e88a3486167137456a0f9318f07ce000d/pyqt6_qt6-6.11.1-py3-none-win_arm64.whl", hash = "sha256:120efbedf833e5bbbc3d64ebdb139b44ff34e60f34410c7b1c2c26d230380bda", size = 59961004 },
]

[[package]]
name = "pyqt6-sip"
version = "13.11.1"
source = { registry = "https://pypi.org/simple" }
sdist = { url = "https://files.pythonhosted.org/packages/90/24/a753e1af94b9ae5b2da63d4598457308da3cdbf0838c959381db086ccc86/pyqt6_sip-13.11.1.tar.gz", hash = "sha256:869c5b48afe38e55b1ee0dd72182b0886e968cc509b98023ff50010b013ce1be", size = 92574 }
wheels = [
    { url = "https://files.pythonhosted.org/packages/46/27/47598e701d284497216bf97bf8b6a69f5e61412e716c232ff2b7e6cb2100/pyqt6_sip-13.11.1-cp312-cp312-macosx_10_9_universal2.whl", hash = "sha256:ba9d362dd1e54b43bc2594f8841e1e39d24789716d28f08e5c9282af9fca342c", size = 112564 },
    { url = "https://files.pythonhosted.org/packages/95/cb/116f9b328636765f3bce97d9e10ec041c54bbe92beb0617edb86c2b615c1/pyqt6_sip-13.11.1-cp312-cp312-manylinux1_x86_64.manylinux_2_5_x86_64.whl", hash = "sha256:0df15849946cea969d3ff2b24b76149262b6044aea2c5403e4f70c24c973a4c8", size = 299564 },
    { url = "https://files.pythonhosted.org/packages/1b/be/fe2321285e8f683e705d199dbb458131f1850dc5966155a19c40100c85bb/pyqt6_sip-13.11.1-cp312-cp312-manylinux_2_17_aarch64.manylinux2014_aarch64.whl", hash = "sha256:c52b2b27fc77d9447a8dc1c6de1aaccc22d41e48697aafb2f2f20b8984bb02a5", size = 321210 },
    { url = "https://files.pythonhosted.org/packages/ec/9b/7d4b10f9cba1b6f581dfb4860b9d11898da55a5ed3b8a6e7a1bf9f7084d0/pyqt6_sip-13.11.1-cp312-cp312-win_amd64.whl", hash = "sha256:1d1c67179c1924b28e3d7f04585639e7a7c0946f62390efc6ccf2a6206e595d3", size = 53351 },
    { url = "https://files.pythonhosted.org/packages/06/72/6c4e6f21cafa4bed40d2b0c1563525b0d8bfcb5734493696f4cfd043b45f/pyqt6_sip-13.11.1-cp312-cp312-win_arm64.whl", hash = "sha256:d83543125fe9fdb153e7e446c3b4d056d80ab5953644660633ab3f80e7784194", size = 48746 },
    { url = "https://files.pythonhosted.org/packages/ee/0b/dc76c463c203e630b2c6417d4d5e337e919a265ac1c10127ef413551f5de/pyqt6_sip-13.11.1-cp313-cp313-macosx_10_13_universal2.whl", hash = "sha256:0c6d097aae7df312519e2b36e001bd796f6a2ce060ab8b9ed793daa8f407fe2e", size = 112552 },
    { url = "https://files.pythonhosted.org/packages/d4/e3/65b605759859d38231ce7544065d4c61f891eb7766c351318e2a0b08a473/pyqt6_sip-13.11.1-cp313-cp313-manylinux1_x86_64.manylinux_2_5_x86_64.whl", hash = "sha256:a72f4ebdab16a8a484019ff593de90d8013d3286b678c6ba1c0bdb117f4fcb13", size = 299932 },
    { url = "https://files.pythonhosted.org/packages/60/f7/c10d2dd5bf503a1de83bd163467bd323f12af016866c2814743b5b1efe1c/pyqt6_sip-13.11.1-cp313-cp313-manylinux_2_17_aarch64.manylinux2014_aarch64.whl", hash = "sha256:b68e442efc4275651bf63f2c43713e242924fd948909e31cf8f20d783ca505e9", size = 321497 },
    { url = "https://files.pythonhosted.org/packages/e1/1f/e7e5ad77a76c00db5c8c1b9960f2b0672ec1978b971bb3509858cd7a9458/pyqt6_sip-13.11.1-cp313-cp313-win_amd64.whl", hash = "sha256:ca24bfd4d5d8274e338433df9ac41930650088c00018d3313c6bd8de21772a02", size = 53371 },
    { url = "https://files.pythonhosted.org/packages/36/ef/a7acaf44980aed6fe26f1320e265db528fecb6a47ac67829c7cd011e9821/pyqt6_sip-13.11.1-cp313-cp313-win_arm64.whl", hash = "sha256:f532144c43f2fddcccf2e25df50cdb4a744edb4ce4ba5ed2d0f2cef825197f2f", size = 48745 },
    { url = "https://files.pythonhosted.org/packages/20/1d/62c633faedef5bb3b8c7486a72e8a6466adaa2a14efcfccf85bb23426748/pyqt6_sip-13.11.1-cp314-cp314-macosx_10_15_universal2.whl", hash = "sha256:cb931c1af45294bbe8039c5cfda184e3023f5dc766fc884964010eedd8fd85db", size = 112678 },
    { url = "https://files.pythonhosted.org/packages/03/72/5a3d9ffef0caa7e1bc7a35d6300f6099bfccd1d8a485b4320ba20013a2d9/pyqt6_sip-13.11.1-cp314-cp314-manylinux1_x86_64.manylinux_2_5_x86_64.whl", hash = "sha256:353d613129316e9f7eda6bbe821deb7b7ffa14483499189171fd8a246873f9ac", size = 299560 },
    { url = "https://files.pythonhosted.org/packages/98/f4/886f901f1e04da717a11e180ba19a9c7fc62da170966d57206006f173bda/pyqt6_sip-13.11.1-cp314-cp314-manylinux_2_17_aarch64.manylinux2014_aarch64.whl", hash = "sha256:fcadd68e09ee24cdda8f8bfcba52e59c9b297055d2c450f0eb89afa61a8dc31a", size = 321846 },
    { url = "https://files.pythonhosted.org/packages/96/f2/b68fd566f7f86dbb53d933489e70487cabaea0e0161690e4899653bbc7fb/pyqt6_sip-13.11.1-cp314-cp314-win_amd64.whl", hash = "sha256:581e287bf42587593b88b30d9db06ed0fccbf40f345a5bd3ec3f00a5692e2430", size = 55055 },
    { url = "https://files.pythonhosted.org/packages/8d/42/efb7ced69f7d1d31eb8f19b2d778aeb182be7e070569d02b9057ac478e3e/pyqt6_sip-13.11.1-cp314-cp314-win_arm64.whl", hash = "sha256:42b62530a9b6a9c6e29c2941b8ab78258652da0aeae4eb1fc9a0631d19a7a7b2", size = 49597 },
]

[[package]]
name = "pytest"
version = "9.1.1"
source = { registry = "https://pypi.org/simple" }
dependencies = [
    { name = "colorama", marker = "sys_platform == 'win32'" },
    { name = "iniconfig" },
    { name = "packaging" },
    { name = "pluggy" },
    { name = "pygments" },
]
sdist = { url = "https://files.pythonhosted.org/packages/e4/47/b9efed96c114afcfa3c9d3fe98a76a1d14c74a9e266d397cf6eb64be5e01/pytest-9.1.1.tar.gz", hash = "sha256:1088fbde8f2b49d95a549a195707afa7a76a3ce9bcadc26b6d71f0ffda5fe313", size = 1636369 }
wheels = [
    { url = "https://files.pythonhosted.org/packages/24/25/1de2678b631f5a49215c6c96fff41ba892b0a34df68d6d80292b1b48aa7f/pytest-9.1.1-py3-none-any.whl", hash = "sha256:37a86b45efb9a47a61a36449063e8e18d0cab3161329fc099eb21783169c4f0c", size = 386536 },
]

[[package]]
name = "pytest-qt"
version = "4.5.0"
source = { registry = "https://pypi.org/simple" }
dependencies = [
    { name = "pluggy" },
    { name = "pytest" },
    { name = "typing-extensions" },
]
sdist = { url = "https://files.pythonhosted.org/packages/d3/61/8bdec02663c18bf5016709b909411dce04a868710477dc9b9844ffcf8dd2/pytest_qt-4.5.0.tar.gz", hash = "sha256:51620e01c488f065d2036425cbc1cbcf8a6972295105fd285321eb47e66a319f", size = 128702 }
wheels = [
    { url = "https://files.pythonhosted.org/packages/cc/d0/8339b888ad64a3d4e508fed8245a402b503846e1972c10ad60955883dcbb/pytest_qt-4.5.0-py3-none-any.whl", hash = "sha256:ed21ea9b861247f7d18090a26bfbda8fb51d7a8a7b6f776157426ff2ccf26eff", size = 37214 },
]

[[package]]
name = "typing-extensions"
version = "4.15.0"
source = { registry = "https://pypi.org/simple" }
sdist = { url = "https://files.pythonhosted.org/packages/72/94/1a15dd82efb362ac84269196e94cf00f187f7ed21c242792a923cdb1c61f/typing_extensions-4.15.0.tar.gz", hash = "sha256:0cea48d173cc12fa28ecabc3b837ea3cf6f38c6d1136f85cbaaf598984861466", size = 109391 }
wheels = [
    { url = "https://files.pythonhosted.org/packages/18/67/36e9267722cc04a6b9f15c7f3441c2363321a3ea07da7ae0c0707beb2a9c/typing_extensions-4.15.0-py3-none-any.whl", hash = "sha256:f0fa19c6845758ab08074a0cfa8b7aecb71c999ca73d62883bc25cc018c4e548", size = 44614 },
]
